
Microsoft Visual Studio Solution File, Format Version 12.00
# Visual Studio Version 16
VisualStudioVersion = 16.0.31911.196
MinimumVisualStudioVersion = 10.0.40219.1
Project("{9A19103F-16F7-4668-BE54-9A1E7A4F7556}") = "Riode.WebUI", "Riode.WebUI\Riode.WebUI.csproj", "{35A5259C-153A-48F7-ACFB-A933D5C1209C}"
EndProject
Project("{9A19103F-16F7-4668-BE54-9A1E7A4F7556}") = "Riode.Data", "Riode.Data\Riode.Data.csproj", "{427711B6-5892-4F92-A61C-B1CBCBAE4D13}"
EndProject
Project("{9A19103F-16F7-4668-BE54-9A1E7A4F7556}") = "Riode.Business", "Riode.Business\Riode.Business.csproj", "{71BF5C8C-6F1A-4CB0-B42F-8494521C16ED}"
EndProject
Project("{9A19103F-16F7-4668-BE54-9A1E7A4F7556}") = "Riode.Core", "Riode.Core\Riode.Core.csproj", "{508D30B9-FD22-424A-914D-C12A76413FA7}"
EndProject
Project("{9A19103F-16F7-4668-BE54-9A1E7A4F7556}") = "Riode.WebAPI", "Riode.WebAPI\Riode.WebAPI.csproj", "{3944F626-2436-45E8-8054-57FE877B19FD}"
EndProject
Global
	GlobalSection(SolutionConfigurationPlatforms) = preSolution
		Debug|Any CPU = Debug|Any CPU
		Release|Any CPU = Release|Any CPU
	EndGlobalSection
	GlobalSection(ProjectConfigurationPlatforms) = postSolution
		{35A5259C-153A-48F7-ACFB-A933D5C1209C}.Debug|Any CPU.ActiveCfg = Debug|Any CPU
		{35A5259C-153A-48F7-ACFB-A933D5C1209C}.Debug|Any CPU.Build.0 = Debug|Any CPU
		{35A5259C-153A-48F7-ACFB-A933D5C1209C}.Release|Any CPU.ActiveCfg = Release|Any CPU
		{35A5259C-153A-48F7-ACFB-A933D5C1209C}.Release|Any CPU.Build.0 = Release|Any CPU
		{427711B6-5892-4F92-A61C-B1CBCBAE4D13}.Debug|Any CPU.ActiveCfg = Debug|Any CPU
		{427711B6-5892-4F92-A61C-B1CBCBAE4D13}.Debug|Any CPU.Build.0 = Debug|Any CPU
		{427711B6-5892-4F92-A61C-B1CBCBAE4D13}.Release|Any CPU.ActiveCfg = Release|Any CPU
		{427711B6-5892-4F92-A61C-B1CBCBAE4D13}.Release|Any CPU.Build.0 = Release|Any CPU
		{71BF5C8C-6F1A-4CB0-B42F-8494521C16ED}.Debug|Any CPU.ActiveCfg = Debug|Any CPU
		{71BF5C8C-6F1A-4CB0-B42F-8494521C16ED}.Debug|Any CPU.Build.0 = Debug|Any CPU
		{71BF5C8C-6F1A-4CB0-B42F-8494521C16ED}.Release|Any CPU.ActiveCfg = Release|Any CPU
		{71BF5C8C-6F1A-4CB0-B42F-8494521C16ED}.Release|Any CPU.Build.0 = Release|Any CPU
		{508D30B9-FD22-424A-914D-C12A76413FA7}.Debug|Any CPU.ActiveCfg = Debug|Any CPU
		{508D30B9-FD22-424A-914D-C12A76413FA7}.Debug|Any CPU.Build.0 = Debug|Any CPU
		{508D30B9-FD22-424A-914D-C12A76413FA7}.Release|Any CPU.ActiveCfg = Release|Any CPU
		{508D30B9-FD22-424A-914D-C12A76413FA7}.Release|Any CPU.Build.0 = Release|Any CPU
		{3944F626-2436-45E8-8054-57FE877B19FD}.Debug|Any CPU.ActiveCfg = Debug|Any CPU
		{3944F626-2436-45E8-8054-57FE877B19FD}.Debug|Any CPU.Build.0 = Debug|Any CPU
		{3944F626-2436-45E8-8054-57FE877B19FD}.Release|Any CPU.ActiveCfg = Release|Any CPU
		{3944F626-2436-45E8-8054-57FE877B19FD}.Release|Any CPU.Build.0 = Release|Any CPU
	EndGlobalSection
	GlobalSection(SolutionProperties) = preSolution
		HideSolutionNode = FALSE
	EndGlobalSection
	GlobalSection(ExtensibilityGlobals) = postSolution
		SolutionGuid = {0BCEEA38-4B40-4F45-B7EF-4C94C15449E7}
	EndGlobalSection
EndGlobal
